
Microsoft Visual Studio Solution File, Format Version 12.00
# Visual Studio Version 17
VisualStudioVersion = 17.8.34330.188
MinimumVisualStudioVersion = 10.0.40219.1
Project("{2150E333-8FDC-42A3-9474-1A3956D46DE8}") = "src", "src", "{CF8EDC12-4015-4C13-93BD-5DAAB75F240F}"
EndProject
Project("{2150E333-8FDC-42A3-9474-1A3956D46DE8}") = "Common", "Common", "{AB01CA19-7F66-41A2-9CD3-C6CFF8A11715}"
EndProject
Project("{9A19103F-16F7-4668-BE54-9A1E7A4F7556}") = "AYDSozluk.Common", "src\Common\AydSozluk.Common\AYDSozluk.Common.csproj", "{60E833CD-37B9-46C4-914B-64FB8390798E}"
EndProject
Project("{2150E333-8FDC-42A3-9474-1A3956D46DE8}") = "Api", "Api", "{1A19CF7A-B5AC-4041-A7D9-014A09FA3044}"
EndProject
Project("{2150E333-8FDC-42A3-9474-1A3956D46DE8}") = "Clients", "Clients", "{F95A8A4A-967D-4E77-959E-484101B8B4A2}"
EndProject
Project("{2150E333-8FDC-42A3-9474-1A3956D46DE8}") = "Projections", "Projections", "{8C22F73A-852A-4619-8ACB-C1F4E28D66BD}"
EndProject
Project("{9A19103F-16F7-4668-BE54-9A1E7A4F7556}") = "AYDSozluk.Projections.FavoriteService", "src\Projections\AYDSozluk.Projections.FavoriteService\AYDSozluk.Projections.FavoriteService.csproj", "{3A04ED65-55C4-45A7-847E-6148EE11E222}"
EndProject
Project("{9A19103F-16F7-4668-BE54-9A1E7A4F7556}") = "AYDSozluk.Projections.UserService", "src\Projections\AYDSozluk.Projections.UserService\AYDSozluk.Projections.UserService.csproj", "{64531B51-372E-45C6-A492-5FFE3F4CCD27}"
EndProject
Project("{9A19103F-16F7-4668-BE54-9A1E7A4F7556}") = "AYDSozluk.Projections.VoteService", "src\Projections\AYDSozluk.Projections.VoteService\AYDSozluk.Projections.VoteService.csproj", "{F8F0C146-4F14-4BD7-A443-C444EAB2D89C}"
EndProject
Project("{9A19103F-16F7-4668-BE54-9A1E7A4F7556}") = "AYDSozluk.Clients.WebApp", "src\Clients\BlazorWeb\AYDSozluk.Clients.WebApp\AYDSozluk.Clients.WebApp.csproj", "{7C844895-DCA4-40C3-9BF6-1613DB436764}"
EndProject
Project("{2150E333-8FDC-42A3-9474-1A3956D46DE8}") = "Core", "Core", "{0F6B3F48-2CB9-45BF-9D30-BBEF4A71F1E6}"
EndProject
Project("{9A19103F-16F7-4668-BE54-9A1E7A4F7556}") = "AYDSozluk.Api.Domain", "src\Api\Core\AYDSozluk.Api.Domain\AYDSozluk.Api.Domain.csproj", "{9F270251-38A3-4F1E-B910-F4B57229F459}"
EndProject
Project("{2150E333-8FDC-42A3-9474-1A3956D46DE8}") = "Infrastructure", "Infrastructure", "{FCDF8EE9-1A40-4C64-BAF9-8A7297A7AF9E}"
EndProject
Project("{9A19103F-16F7-4668-BE54-9A1E7A4F7556}") = "AYDSozluk.Api.Infrastructure.Persistence", "src\Api\Infrastructure\AYDSozluk.Api.Infrastructure.Persistence\AYDSozluk.Api.Infrastructure.Persistence.csproj", "{457D2DE0-DBCF-40A0-ABEA-94DAE9963133}"
EndProject
Project("{9A19103F-16F7-4668-BE54-9A1E7A4F7556}") = "AYDSozluk.Api.WebApi", "src\Api\AYDSozluk.Api.WebApi\AYDSozluk.Api.WebApi.csproj", "{A411D7F2-E512-4724-8465-05ED7C98D3B3}"
EndProject
Project("{FAE04EC0-301F-11D3-BF4B-00C04F79EFBC}") = "BlazorSozluk.Api.Application", "src\Api\Core\BlazorSozluk.Api.Application\BlazorSozluk.Api.Application.csproj", "{CE822CD3-6246-4400-B5A9-4500DDCEF7DD}"
EndProject
Global
	GlobalSection(SolutionConfigurationPlatforms) = preSolution
		Debug|Any CPU = Debug|Any CPU
		Release|Any CPU = Release|Any CPU
	EndGlobalSection
	GlobalSection(ProjectConfigurationPlatforms) = postSolution
		{60E833CD-37B9-46C4-914B-64FB8390798E}.Debug|Any CPU.ActiveCfg = Debug|Any CPU
		{60E833CD-37B9-46C4-914B-64FB8390798E}.Debug|Any CPU.Build.0 = Debug|Any CPU
		{60E833CD-37B9-46C4-914B-64FB8390798E}.Release|Any CPU.ActiveCfg = Release|Any CPU
		{60E833CD-37B9-46C4-914B-64FB8390798E}.Release|Any CPU.Build.0 = Release|Any CPU
		{3A04ED65-55C4-45A7-847E-6148EE11E222}.Debug|Any CPU.ActiveCfg = Debug|Any CPU
		{3A04ED65-55C4-45A7-847E-6148EE11E222}.Debug|Any CPU.Build.0 = Debug|Any CPU
		{3A04ED65-55C4-45A7-847E-6148EE11E222}.Release|Any CPU.ActiveCfg = Release|Any CPU
		{3A04ED65-55C4-45A7-847E-6148EE11E222}.Release|Any CPU.Build.0 = Release|Any CPU
		{64531B51-372E-45C6-A492-5FFE3F4CCD27}.Debug|Any CPU.ActiveCfg = Debug|Any CPU
		{64531B51-372E-45C6-A492-5FFE3F4CCD27}.Debug|Any CPU.Build.0 = Debug|Any CPU
		{64531B51-372E-45C6-A492-5FFE3F4CCD27}.Release|Any CPU.ActiveCfg = Release|Any CPU
		{64531B51-372E-45C6-A492-5FFE3F4CCD27}.Release|Any CPU.Build.0 = Release|Any CPU
		{F8F0C146-4F14-4BD7-A443-C444EAB2D89C}.Debug|Any CPU.ActiveCfg = Debug|Any CPU
		{F8F0C146-4F14-4BD7-A443-C444EAB2D89C}.Debug|Any CPU.Build.0 = Debug|Any CPU
		{F8F0C146-4F14-4BD7-A443-C444EAB2D89C}.Release|Any CPU.ActiveCfg = Release|Any CPU
		{F8F0C146-4F14-4BD7-A443-C444EAB2D89C}.Release|Any CPU.Build.0 = Release|Any CPU
		{7C844895-DCA4-40C3-9BF6-1613DB436764}.Debug|Any CPU.ActiveCfg = Debug|Any CPU
		{7C844895-DCA4-40C3-9BF6-1613DB436764}.Debug|Any CPU.Build.0 = Debug|Any CPU
		{7C844895-DCA4-40C3-9BF6-1613DB436764}.Release|Any CPU.ActiveCfg = Release|Any CPU
		{7C844895-DCA4-40C3-9BF6-1613DB436764}.Release|Any CPU.Build.0 = Release|Any CPU
		{9F270251-38A3-4F1E-B910-F4B57229F459}.Debug|Any CPU.ActiveCfg = Debug|Any CPU
		{9F270251-38A3-4F1E-B910-F4B57229F459}.Debug|Any CPU.Build.0 = Debug|Any CPU
		{9F270251-38A3-4F1E-B910-F4B57229F459}.Release|Any CPU.ActiveCfg = Release|Any CPU
		{9F270251-38A3-4F1E-B910-F4B57229F459}.Release|Any CPU.Build.0 = Release|Any CPU
		{457D2DE0-DBCF-40A0-ABEA-94DAE9963133}.Debug|Any CPU.ActiveCfg = Debug|Any CPU
		{457D2DE0-DBCF-40A0-ABEA-94DAE9963133}.Debug|Any CPU.Build.0 = Debug|Any CPU
		{457D2DE0-DBCF-40A0-ABEA-94DAE9963133}.Release|Any CPU.ActiveCfg = Release|Any CPU
		{457D2DE0-DBCF-40A0-ABEA-94DAE9963133}.Release|Any CPU.Build.0 = Release|Any CPU
		{A411D7F2-E512-4724-8465-05ED7C98D3B3}.Debug|Any CPU.ActiveCfg = Debug|Any CPU
		{A411D7F2-E512-4724-8465-05ED7C98D3B3}.Debug|Any CPU.Build.0 = Debug|Any CPU
		{A411D7F2-E512-4724-8465-05ED7C98D3B3}.Release|Any CPU.ActiveCfg = Release|Any CPU
		{A411D7F2-E512-4724-8465-05ED7C98D3B3}.Release|Any CPU.Build.0 = Release|Any CPU
		{CE822CD3-6246-4400-B5A9-4500DDCEF7DD}.Debug|Any CPU.ActiveCfg = Debug|Any CPU
		{CE822CD3-6246-4400-B5A9-4500DDCEF7DD}.Debug|Any CPU.Build.0 = Debug|Any CPU
		{CE822CD3-6246-4400-B5A9-4500DDCEF7DD}.Release|Any CPU.ActiveCfg = Release|Any CPU
		{CE822CD3-6246-4400-B5A9-4500DDCEF7DD}.Release|Any CPU.Build.0 = Release|Any CPU
	EndGlobalSection
	GlobalSection(SolutionProperties) = preSolution
		HideSolutionNode = FALSE
	EndGlobalSection
	GlobalSection(NestedProjects) = preSolution
		{AB01CA19-7F66-41A2-9CD3-C6CFF8A11715} = {CF8EDC12-4015-4C13-93BD-5DAAB75F240F}
		{60E833CD-37B9-46C4-914B-64FB8390798E} = {AB01CA19-7F66-41A2-9CD3-C6CFF8A11715}
		{1A19CF7A-B5AC-4041-A7D9-014A09FA3044} = {CF8EDC12-4015-4C13-93BD-5DAAB75F240F}
		{F95A8A4A-967D-4E77-959E-484101B8B4A2} = {CF8EDC12-4015-4C13-93BD-5DAAB75F240F}
		{8C22F73A-852A-4619-8ACB-C1F4E28D66BD} = {CF8EDC12-4015-4C13-93BD-5DAAB75F240F}
		{3A04ED65-55C4-45A7-847E-6148EE11E222} = {8C22F73A-852A-4619-8ACB-C1F4E28D66BD}
		{64531B51-372E-45C6-A492-5FFE3F4CCD27} = {8C22F73A-852A-4619-8ACB-C1F4E28D66BD}
		{F8F0C146-4F14-4BD7-A443-C444EAB2D89C} = {8C22F73A-852A-4619-8ACB-C1F4E28D66BD}
		{7C844895-DCA4-40C3-9BF6-1613DB436764} = {F95A8A4A-967D-4E77-959E-484101B8B4A2}
		{0F6B3F48-2CB9-45BF-9D30-BBEF4A71F1E6} = {1A19CF7A-B5AC-4041-A7D9-014A09FA3044}
		{9F270251-38A3-4F1E-B910-F4B57229F459} = {0F6B3F48-2CB9-45BF-9D30-BBEF4A71F1E6}
		{FCDF8EE9-1A40-4C64-BAF9-8A7297A7AF9E} = {1A19CF7A-B5AC-4041-A7D9-014A09FA3044}
		{457D2DE0-DBCF-40A0-ABEA-94DAE9963133} = {FCDF8EE9-1A40-4C64-BAF9-8A7297A7AF9E}
		{A411D7F2-E512-4724-8465-05ED7C98D3B3} = {1A19CF7A-B5AC-4041-A7D9-014A09FA3044}
		{CE822CD3-6246-4400-B5A9-4500DDCEF7DD} = {0F6B3F48-2CB9-45BF-9D30-BBEF4A71F1E6}
	EndGlobalSection
	GlobalSection(ExtensibilityGlobals) = postSolution
		SolutionGuid = {E15DA10E-8A74-488E-B311-C36D11E3D56D}
	EndGlobalSection
EndGlobal
